
Microsoft Visual Studio Solution File, Format Version 12.00
# Visual Studio 15
Project("{FAE04EC0-301F-11D3-BF4B-00C04F79EFBC}") = "Assembly-CSharp", "Assembly-CSharp.csproj", "{021D4E67-15CC-D0EA-4F70-471AC23DAC28}"
EndProject
Project("{FAE04EC0-301F-11D3-BF4B-00C04F79EFBC}") = "Unity.XR.Interaction.Toolkit.Samples.StarterAssets", "Unity.XR.Interaction.Toolkit.Samples.StarterAssets.csproj", "{C0109360-9042-314F-9796-17555D3AC578}"
EndProject
Project("{FAE04EC0-301F-11D3-BF4B-00C04F79EFBC}") = "Pcx", "Pcx.csproj", "{5CD885E8-2253-69A6-C684-FD5C0F4BA5CD}"
EndProject
Project("{FAE04EC0-301F-11D3-BF4B-00C04F79EFBC}") = "Pcx.Editor", "Pcx.Editor.csproj", "{35534B29-FC04-A7C0-C0B9-148BA6FFB92F}"
EndProject
Project("{FAE04EC0-301F-11D3-BF4B-00C04F79EFBC}") = "HierarchyIconsEditor", "HierarchyIconsEditor.csproj", "{A9668E35-95CF-4743-CF91-23DA816F0427}"
EndProject
Project("{FAE04EC0-301F-11D3-BF4B-00C04F79EFBC}") = "Unity.XR.Interaction.Toolkit.Samples.StarterAssets.Editor", "Unity.XR.Interaction.Toolkit.Samples.StarterAssets.Editor.csproj", "{6267FF03-6B54-43C4-4A76-30FA349EEFE3}"
EndProject
Project("{FAE04EC0-301F-11D3-BF4B-00C04F79EFBC}") = "HierarchyIcons", "HierarchyIcons.csproj", "{250C7403-0706-E43B-2F0F-BF0B136EBBD1}"
EndProject
Project("{FAE04EC0-301F-11D3-BF4B-00C04F79EFBC}") = "Assembly-CSharp-Editor", "Assembly-CSharp-Editor.csproj", "{608A07C3-5AA6-72C1-6149-B056048AC924}"
EndProject
Global
	GlobalSection(SolutionConfigurationPlatforms) = preSolution
		Debug|Any CPU = Debug|Any CPU
		Release|Any CPU = Release|Any CPU
	EndGlobalSection
	GlobalSection(ProjectConfigurationPlatforms) = postSolution
		{021D4E67-15CC-D0EA-4F70-471AC23DAC28}.Debug|Any CPU.ActiveCfg = Debug|Any CPU
		{021D4E67-15CC-D0EA-4F70-471AC23DAC28}.Debug|Any CPU.Build.0 = Debug|Any CPU
		{021D4E67-15CC-D0EA-4F70-471AC23DAC28}.Release|Any CPU.ActiveCfg = Release|Any CPU
		{021D4E67-15CC-D0EA-4F70-471AC23DAC28}.Release|Any CPU.Build.0 = Release|Any CPU
		{C0109360-9042-314F-9796-17555D3AC578}.Debug|Any CPU.ActiveCfg = Debug|Any CPU
		{C0109360-9042-314F-9796-17555D3AC578}.Debug|Any CPU.Build.0 = Debug|Any CPU
		{C0109360-9042-314F-9796-17555D3AC578}.Release|Any CPU.ActiveCfg = Release|Any CPU
		{C0109360-9042-314F-9796-17555D3AC578}.Release|Any CPU.Build.0 = Release|Any CPU
		{5CD885E8-2253-69A6-C684-FD5C0F4BA5CD}.Debug|Any CPU.ActiveCfg = Debug|Any CPU
		{5CD885E8-2253-69A6-C684-FD5C0F4BA5CD}.Debug|Any CPU.Build.0 = Debug|Any CPU
		{5CD885E8-2253-69A6-C684-FD5C0F4BA5CD}.Release|Any CPU.ActiveCfg = Release|Any CPU
		{5CD885E8-2253-69A6-C684-FD5C0F4BA5CD}.Release|Any CPU.Build.0 = Release|Any CPU
		{35534B29-FC04-A7C0-C0B9-148BA6FFB92F}.Debug|Any CPU.ActiveCfg = Debug|Any CPU
		{35534B29-FC04-A7C0-C0B9-148BA6FFB92F}.Debug|Any CPU.Build.0 = Debug|Any CPU
		{35534B29-FC04-A7C0-C0B9-148BA6FFB92F}.Release|Any CPU.ActiveCfg = Release|Any CPU
		{35534B29-FC04-A7C0-C0B9-148BA6FFB92F}.Release|Any CPU.Build.0 = Release|Any CPU
		{A9668E35-95CF-4743-CF91-23DA816F0427}.Debug|Any CPU.ActiveCfg = Debug|Any CPU
		{A9668E35-95CF-4743-CF91-23DA816F0427}.Debug|Any CPU.Build.0 = Debug|Any CPU
		{A9668E35-95CF-4743-CF91-23DA816F0427}.Release|Any CPU.ActiveCfg = Release|Any CPU
		{A9668E35-95CF-4743-CF91-23DA816F0427}.Release|Any CPU.Build.0 = Release|Any CPU
		{6267FF03-6B54-43C4-4A76-30FA349EEFE3}.Debug|Any CPU.ActiveCfg = Debug|Any CPU
		{6267FF03-6B54-43C4-4A76-30FA349EEFE3}.Debug|Any CPU.Build.0 = Debug|Any CPU
		{6267FF03-6B54-43C4-4A76-30FA349EEFE3}.Release|Any CPU.ActiveCfg = Release|Any CPU
		{6267FF03-6B54-43C4-4A76-30FA349EEFE3}.Release|Any CPU.Build.0 = Release|Any CPU
		{250C7403-0706-E43B-2F0F-BF0B136EBBD1}.Debug|Any CPU.ActiveCfg = Debug|Any CPU
		{250C7403-0706-E43B-2F0F-BF0B136EBBD1}.Debug|Any CPU.Build.0 = Debug|Any CPU
		{250C7403-0706-E43B-2F0F-BF0B136EBBD1}.Release|Any CPU.ActiveCfg = Release|Any CPU
		{250C7403-0706-E43B-2F0F-BF0B136EBBD1}.Release|Any CPU.Build.0 = Release|Any CPU
		{608A07C3-5AA6-72C1-6149-B056048AC924}.Debug|Any CPU.ActiveCfg = Debug|Any CPU
		{608A07C3-5AA6-72C1-6149-B056048AC924}.Debug|Any CPU.Build.0 = Debug|Any CPU
		{608A07C3-5AA6-72C1-6149-B056048AC924}.Release|Any CPU.ActiveCfg = Release|Any CPU
		{608A07C3-5AA6-72C1-6149-B056048AC924}.Release|Any CPU.Build.0 = Release|Any CPU
	EndGlobalSection
	GlobalSection(SolutionProperties) = preSolution
		HideSolutionNode = FALSE
	EndGlobalSection
EndGlobal
